
Microsoft Visual Studio Solution File, Format Version 12.00
# Visual Studio Version 17
VisualStudioVersion = 17.10.35004.147
MinimumVisualStudioVersion = 10.0.40219.1
Project("{2150E333-8FDC-42A3-9474-1A3956D46DE8}") = "Services", "Services", "{66042C03-ABEB-410D-AFA8-DE133F94CCB9}"
EndProject
Project("{2150E333-8FDC-42A3-9474-1A3956D46DE8}") = "Catalog", "Catalog", "{0CDED0FD-F126-40FB-ACB1-598D79E37252}"
EndProject
Project("{9A19103F-16F7-4668-BE54-9A1E7A4F7556}") = "Catalog.API", "Services\Catalog\Catalog.API\Catalog.API.csproj", "{5B5A9757-503A-4364-B8CD-C2840B26A9F3}"
EndProject
Project("{2150E333-8FDC-42A3-9474-1A3956D46DE8}") = "BuildingBlocks", "BuildingBlocks", "{8AFF04A5-E9B7-4A07-A3D9-32DBB497BD1B}"
EndProject
Project("{9A19103F-16F7-4668-BE54-9A1E7A4F7556}") = "BuildingBlocks", "BuildingBlocks\BuildingBlocks\BuildingBlocks.csproj", "{D2062ED0-C558-44DD-97FC-D2E8CC1643D2}"
EndProject
Project("{E53339B2-1760-4266-BCC7-CA923CBCF16C}") = "docker-compose", "docker-compose.dcproj", "{BE39F6AE-AAEB-4F64-A683-D45465CB5123}"
EndProject
Project("{2150E333-8FDC-42A3-9474-1A3956D46DE8}") = "Basket", "Basket", "{58D5CC00-C1EF-414C-9020-D3A706C407D2}"
EndProject
Project("{9A19103F-16F7-4668-BE54-9A1E7A4F7556}") = "Basket.API", "Services\Basket\Basket.API\Basket.API.csproj", "{0084BB81-6AEF-4062-8009-F90F7B698143}"
EndProject
Project("{2150E333-8FDC-42A3-9474-1A3956D46DE8}") = "Discount", "Discount", "{313F78C5-B29C-469A-A864-C9FA817422AB}"
EndProject
Project("{9A19103F-16F7-4668-BE54-9A1E7A4F7556}") = "Discount.Grpc", "Services\Discount\Discount.Grpc\Discount.Grpc.csproj", "{30E6E593-7F3C-46A8-93F8-11E902473200}"
EndProject
Project("{2150E333-8FDC-42A3-9474-1A3956D46DE8}") = "Ordering", "Ordering", "{F3A1E8A5-113F-4120-8576-1A801B4151FA}"
EndProject
Project("{FAE04EC0-301F-11D3-BF4B-00C04F79EFBC}") = "Ordering.API", "Services\Ordering\Ordering.API\Ordering.API.csproj", "{F615EDB8-C0D3-4774-93E6-C5D4F9B6A8DC}"
EndProject
Project("{FAE04EC0-301F-11D3-BF4B-00C04F79EFBC}") = "Ordering.Application", "Services\Ordering\Ordering.Application\Ordering.Application.csproj", "{9C37C70C-5E9D-47E1-A484-5EB45F45E008}"
EndProject
Project("{FAE04EC0-301F-11D3-BF4B-00C04F79EFBC}") = "Ordering.Domain", "Services\Ordering\Ordering.Domain\Ordering.Domain.csproj", "{BB8656C9-A26B-4247-B165-EF4B80C0CFDF}"
EndProject
Project("{FAE04EC0-301F-11D3-BF4B-00C04F79EFBC}") = "Ordering.Infrastructure", "Services\Ordering\Ordering.Infrastructure\Ordering.Infrastructure.csproj", "{558DF415-994E-4038-B7AA-72AECF593E1B}"
EndProject
Global
	GlobalSection(SolutionConfigurationPlatforms) = preSolution
		Debug|Any CPU = Debug|Any CPU
		Release|Any CPU = Release|Any CPU
	EndGlobalSection
	GlobalSection(ProjectConfigurationPlatforms) = postSolution
		{5B5A9757-503A-4364-B8CD-C2840B26A9F3}.Debug|Any CPU.ActiveCfg = Debug|Any CPU
		{5B5A9757-503A-4364-B8CD-C2840B26A9F3}.Debug|Any CPU.Build.0 = Debug|Any CPU
		{5B5A9757-503A-4364-B8CD-C2840B26A9F3}.Release|Any CPU.ActiveCfg = Release|Any CPU
		{5B5A9757-503A-4364-B8CD-C2840B26A9F3}.Release|Any CPU.Build.0 = Release|Any CPU
		{D2062ED0-C558-44DD-97FC-D2E8CC1643D2}.Debug|Any CPU.ActiveCfg = Debug|Any CPU
		{D2062ED0-C558-44DD-97FC-D2E8CC1643D2}.Debug|Any CPU.Build.0 = Debug|Any CPU
		{D2062ED0-C558-44DD-97FC-D2E8CC1643D2}.Release|Any CPU.ActiveCfg = Release|Any CPU
		{D2062ED0-C558-44DD-97FC-D2E8CC1643D2}.Release|Any CPU.Build.0 = Release|Any CPU
		{BE39F6AE-AAEB-4F64-A683-D45465CB5123}.Debug|Any CPU.ActiveCfg = Debug|Any CPU
		{BE39F6AE-AAEB-4F64-A683-D45465CB5123}.Debug|Any CPU.Build.0 = Debug|Any CPU
		{BE39F6AE-AAEB-4F64-A683-D45465CB5123}.Release|Any CPU.ActiveCfg = Release|Any CPU
		{BE39F6AE-AAEB-4F64-A683-D45465CB5123}.Release|Any CPU.Build.0 = Release|Any CPU
		{0084BB81-6AEF-4062-8009-F90F7B698143}.Debug|Any CPU.ActiveCfg = Debug|Any CPU
		{0084BB81-6AEF-4062-8009-F90F7B698143}.Debug|Any CPU.Build.0 = Debug|Any CPU
		{0084BB81-6AEF-4062-8009-F90F7B698143}.Release|Any CPU.ActiveCfg = Release|Any CPU
		{0084BB81-6AEF-4062-8009-F90F7B698143}.Release|Any CPU.Build.0 = Release|Any CPU
		{30E6E593-7F3C-46A8-93F8-11E902473200}.Debug|Any CPU.ActiveCfg = Debug|Any CPU
		{30E6E593-7F3C-46A8-93F8-11E902473200}.Debug|Any CPU.Build.0 = Debug|Any CPU
		{30E6E593-7F3C-46A8-93F8-11E902473200}.Release|Any CPU.ActiveCfg = Release|Any CPU
		{30E6E593-7F3C-46A8-93F8-11E902473200}.Release|Any CPU.Build.0 = Release|Any CPU
		{F615EDB8-C0D3-4774-93E6-C5D4F9B6A8DC}.Debug|Any CPU.ActiveCfg = Debug|Any CPU
		{F615EDB8-C0D3-4774-93E6-C5D4F9B6A8DC}.Debug|Any CPU.Build.0 = Debug|Any CPU
		{F615EDB8-C0D3-4774-93E6-C5D4F9B6A8DC}.Release|Any CPU.ActiveCfg = Release|Any CPU
		{F615EDB8-C0D3-4774-93E6-C5D4F9B6A8DC}.Release|Any CPU.Build.0 = Release|Any CPU
		{9C37C70C-5E9D-47E1-A484-5EB45F45E008}.Debug|Any CPU.ActiveCfg = Debug|Any CPU
		{9C37C70C-5E9D-47E1-A484-5EB45F45E008}.Debug|Any CPU.Build.0 = Debug|Any CPU
		{9C37C70C-5E9D-47E1-A484-5EB45F45E008}.Release|Any CPU.ActiveCfg = Release|Any CPU
		{9C37C70C-5E9D-47E1-A484-5EB45F45E008}.Release|Any CPU.Build.0 = Release|Any CPU
		{BB8656C9-A26B-4247-B165-EF4B80C0CFDF}.Debug|Any CPU.ActiveCfg = Debug|Any CPU
		{BB8656C9-A26B-4247-B165-EF4B80C0CFDF}.Debug|Any CPU.Build.0 = Debug|Any CPU
		{BB8656C9-A26B-4247-B165-EF4B80C0CFDF}.Release|Any CPU.ActiveCfg = Release|Any CPU
		{BB8656C9-A26B-4247-B165-EF4B80C0CFDF}.Release|Any CPU.Build.0 = Release|Any CPU
		{558DF415-994E-4038-B7AA-72AECF593E1B}.Debug|Any CPU.ActiveCfg = Debug|Any CPU
		{558DF415-994E-4038-B7AA-72AECF593E1B}.Debug|Any CPU.Build.0 = Debug|Any CPU
		{558DF415-994E-4038-B7AA-72AECF593E1B}.Release|Any CPU.ActiveCfg = Release|Any CPU
		{558DF415-994E-4038-B7AA-72AECF593E1B}.Release|Any CPU.Build.0 = Release|Any CPU
	EndGlobalSection
	GlobalSection(SolutionProperties) = preSolution
		HideSolutionNode = FALSE
	EndGlobalSection
	GlobalSection(NestedProjects) = preSolution
		{0CDED0FD-F126-40FB-ACB1-598D79E37252} = {66042C03-ABEB-410D-AFA8-DE133F94CCB9}
		{5B5A9757-503A-4364-B8CD-C2840B26A9F3} = {0CDED0FD-F126-40FB-ACB1-598D79E37252}
		{D2062ED0-C558-44DD-97FC-D2E8CC1643D2} = {8AFF04A5-E9B7-4A07-A3D9-32DBB497BD1B}
		{58D5CC00-C1EF-414C-9020-D3A706C407D2} = {66042C03-ABEB-410D-AFA8-DE133F94CCB9}
		{0084BB81-6AEF-4062-8009-F90F7B698143} = {58D5CC00-C1EF-414C-9020-D3A706C407D2}
		{313F78C5-B29C-469A-A864-C9FA817422AB} = {66042C03-ABEB-410D-AFA8-DE133F94CCB9}
		{30E6E593-7F3C-46A8-93F8-11E902473200} = {313F78C5-B29C-469A-A864-C9FA817422AB}
		{F3A1E8A5-113F-4120-8576-1A801B4151FA} = {66042C03-ABEB-410D-AFA8-DE133F94CCB9}
		{F615EDB8-C0D3-4774-93E6-C5D4F9B6A8DC} = {F3A1E8A5-113F-4120-8576-1A801B4151FA}
		{9C37C70C-5E9D-47E1-A484-5EB45F45E008} = {F3A1E8A5-113F-4120-8576-1A801B4151FA}
		{BB8656C9-A26B-4247-B165-EF4B80C0CFDF} = {F3A1E8A5-113F-4120-8576-1A801B4151FA}
		{558DF415-994E-4038-B7AA-72AECF593E1B} = {F3A1E8A5-113F-4120-8576-1A801B4151FA}
	EndGlobalSection
	GlobalSection(ExtensibilityGlobals) = postSolution
		SolutionGuid = {1763F705-F67A-4874-9E52-92E9436BDB0E}
	EndGlobalSection
EndGlobal
